
Microsoft Visual Studio Solution File, Format Version 12.00
# Visual Studio 15
VisualStudioVersion = 15.0.26228.4
MinimumVisualStudioVersion = 10.0.40219.1
Project("{FAE04EC0-301F-11D3-BF4B-00C04F79EFBC}") = "FoodTruckCerrado", "FoodTruckCerrado\FoodTruckCerrado.csproj", "{8EC032F0-5F9C-49C8-8808-7047115EF766}"
EndProject
Global
	GlobalSection(SolutionConfigurationPlatforms) = preSolution
		Debug|Any CPU = Debug|Any CPU
		Release|Any CPU = Release|Any CPU
	EndGlobalSection
	GlobalSection(ProjectConfigurationPlatforms) = postSolution
		{8EC032F0-5F9C-49C8-8808-7047115EF766}.Debug|Any CPU.ActiveCfg = Debug|Any CPU
		{8EC032F0-5F9C-49C8-8808-7047115EF766}.Debug|Any CPU.Build.0 = Debug|Any CPU
		{8EC032F0-5F9C-49C8-8808-7047115EF766}.Debug|Any CPU.Deploy.0 = Debug|Any CPU
		{8EC032F0-5F9C-49C8-8808-7047115EF766}.Release|Any CPU.ActiveCfg = Debug|Any CPU
		{8EC032F0-5F9C-49C8-8808-7047115EF766}.Release|Any CPU.Build.0 = Debug|Any CPU
		{8EC032F0-5F9C-49C8-8808-7047115EF766}.Release|Any CPU.Deploy.0 = Debug|Any CPU
	EndGlobalSection
	GlobalSection(SolutionProperties) = preSolution
		HideSolutionNode = FALSE
	EndGlobalSection
EndGlobal
